
Microsoft Visual Studio Solution File, Format Version 12.00
# Visual Studio Version 16
VisualStudioVersion = 16.0.30621.155
MinimumVisualStudioVersion = 10.0.40219.1
Project("{9A19103F-16F7-4668-BE54-9A1E7A4F7556}") = "RoutingLib", "RoutingLib\RoutingLib.csproj", "{37D3BFB6-830B-4778-BA96-FCADE200F457}"
EndProject
Project("{9A19103F-16F7-4668-BE54-9A1E7A4F7556}") = "RoutingLibTests", "RoutingLibTests\RoutingLibTests.csproj", "{1BC2CB83-022A-41C9-9DFD-D372004B51B5}"
EndProject
Global
	GlobalSection(SolutionConfigurationPlatforms) = preSolution
		Debug|Any CPU = Debug|Any CPU
		Release|Any CPU = Release|Any CPU
	EndGlobalSection
	GlobalSection(ProjectConfigurationPlatforms) = postSolution
		{37D3BFB6-830B-4778-BA96-FCADE200F457}.Debug|Any CPU.ActiveCfg = Debug|Any CPU
		{37D3BFB6-830B-4778-BA96-FCADE200F457}.Debug|Any CPU.Build.0 = Debug|Any CPU
		{37D3BFB6-830B-4778-BA96-FCADE200F457}.Release|Any CPU.ActiveCfg = Release|Any CPU
		{37D3BFB6-830B-4778-BA96-FCADE200F457}.Release|Any CPU.Build.0 = Release|Any CPU
		{1BC2CB83-022A-41C9-9DFD-D372004B51B5}.Debug|Any CPU.ActiveCfg = Debug|Any CPU
		{1BC2CB83-022A-41C9-9DFD-D372004B51B5}.Debug|Any CPU.Build.0 = Debug|Any CPU
		{1BC2CB83-022A-41C9-9DFD-D372004B51B5}.Release|Any CPU.ActiveCfg = Release|Any CPU
		{1BC2CB83-022A-41C9-9DFD-D372004B51B5}.Release|Any CPU.Build.0 = Release|Any CPU
	EndGlobalSection
	GlobalSection(SolutionProperties) = preSolution
		HideSolutionNode = FALSE
	EndGlobalSection
	GlobalSection(ExtensibilityGlobals) = postSolution
		SolutionGuid = {005FB18C-53A1-4B98-8E3E-E0CCC9150992}
	EndGlobalSection
EndGlobal
